{
  "nodes": {
    "nixCats": {
      "locked": {
        "lastModified": 1744516232,
        "narHash": "sha256-o6V+iOKp2WPvFf1vBwAYYpTLbAfXvYFEqhe0S6sCIJo=",
        "owner": "BirdeeHub",
        "repo": "nixCats-nvim",
        "rev": "75d52d614d2831839b48d137bf705fa9f51bdbe0",
        "type": "github"
      },
      "original": {
        "owner": "BirdeeHub",
        "repo": "nixCats-nvim",
        "type": "github"
      }
    },
    "nixpkgs": {
      "locked": {
        "lastModified": 1744536153,
        "narHash": "sha256-awS2zRgF4uTwrOKwwiJcByDzDOdo3Q1rPZbiHQg/N38=",
        "owner": "nixos",
        "repo": "nixpkgs",
        "rev": "18dd725c29603f582cf1900e0d25f9f1063dbf11",
        "type": "github"
      },
      "original": {
        "owner": "nixos",
        "ref": "nixpkgs-unstable",
        "repo": "nixpkgs",
        "type": "github"
      }
    },
    "plugins-ecolog": {
      "flake": false,
      "locked": {
        "lastModified": 1743440547,
        "narHash": "sha256-yyKZ5ZAggwjCoSJXT2I7N1WwNQ51oieQfD47m7X9BAA=",
        "owner": "philosofonusus",
        "repo": "ecolog.nvim",
        "rev": "5ba7aed7670e8bb0ed58de17c7e48c8acfb6b367",
        "type": "github"
      },
      "original": {
        "owner": "philosofonusus",
        "repo": "ecolog.nvim",
        "type": "github"
      }
    },
    "root": {
      "inputs": {
        "nixCats": "nixCats",
        "nixpkgs": "nixpkgs",
        "plugins-ecolog": "plugins-ecolog"
      }
    }
  },
  "root": "root",
  "version": 7
}
