{
  "nodes": {
    "nixCats": {
      "locked": {
        "lastModified": 1768881789,
        "narHash": "sha256-HL6FJn4M0vb+42MWYllnR/sytckwUr73ksU0PRWRfms=",
        "owner": "BirdeeHub",
        "repo": "nixCats-nvim",
        "rev": "c9d00f06be53fa70025b53019ac4103300ca7dc7",
        "type": "github"
      },
      "original": {
        "owner": "BirdeeHub",
        "repo": "nixCats-nvim",
        "type": "github"
      }
    },
    "nixpkgs": {
      "locked": {
        "lastModified": 1768783163,
        "narHash": "sha256-tLj4KcRDLakrlpvboTJDKsrp6z2XLwyQ4Zmo+w8KsY4=",
        "owner": "nixos",
        "repo": "nixpkgs",
        "rev": "bde09022887110deb780067364a0818e89258968",
        "type": "github"
      },
      "original": {
        "owner": "nixos",
        "ref": "nixpkgs-unstable",
        "repo": "nixpkgs",
        "type": "github"
      }
    },
    "plugins-ecolog": {
      "flake": false,
      "locked": {
        "lastModified": 1768514459,
        "narHash": "sha256-j31yxzpz9DZP+Cx8JiTMnRmfZdWi7aOsQ53702rh1Jc=",
        "owner": "philosofonusus",
        "repo": "ecolog.nvim",
        "rev": "5e2f01e217b68be5d309382595c608295ad5460c",
        "type": "github"
      },
      "original": {
        "owner": "philosofonusus",
        "repo": "ecolog.nvim",
        "type": "github"
      }
    },
    "plugins-obsidian": {
      "flake": false,
      "locked": {
        "lastModified": 1768313360,
        "narHash": "sha256-xq7abpovUo++GpzyfDeO3IKo+hYnbrZZwtYwLsqFNp4=",
        "owner": "obsidian-nvim",
        "repo": "obsidian.nvim",
        "rev": "acd73830fe2e8a2e0c234073ca2cb6387d59f37b",
        "type": "github"
      },
      "original": {
        "owner": "obsidian-nvim",
        "repo": "obsidian.nvim",
        "type": "github"
      }
    },
    "root": {
      "inputs": {
        "nixCats": "nixCats",
        "nixpkgs": "nixpkgs",
        "plugins-ecolog": "plugins-ecolog",
        "plugins-obsidian": "plugins-obsidian"
      }
    }
  },
  "root": "root",
  "version": 7
}
