{
  "nodes": {
    "flake-parts": {
      "inputs": {
        "nixpkgs-lib": [
          "neovim-nightly-overlay",
          "nixpkgs"
        ]
      },
      "locked": {
        "lastModified": 1778716662,
        "narHash": "sha256-m1Yf0wZ8j1OHjTc2UwHwyQRSnNeSgLJOd7q5Y45hzi4=",
        "owner": "hercules-ci",
        "repo": "flake-parts",
        "rev": "f7c1a2d347e4c52d5fb8d10cb4d94b5884e546fb",
        "type": "github"
      },
      "original": {
        "owner": "hercules-ci",
        "repo": "flake-parts",
        "type": "github"
      }
    },
    "neovim-nightly-overlay": {
      "inputs": {
        "flake-parts": "flake-parts",
        "neovim-src": "neovim-src",
        "nixpkgs": "nixpkgs"
      },
      "locked": {
        "lastModified": 1779840270,
        "narHash": "sha256-bXW8ErSJJD1XnPvNrGvMYAOHqpH8uaIzovK6UWTIybM=",
        "owner": "nix-community",
        "repo": "neovim-nightly-overlay",
        "rev": "145c6bcb4b6b34781827ca0ac8356cc5da08c098",
        "type": "github"
      },
      "original": {
        "owner": "nix-community",
        "repo": "neovim-nightly-overlay",
        "type": "github"
      }
    },
    "neovim-src": {
      "flake": false,
      "locked": {
        "lastModified": 1779837173,
        "narHash": "sha256-JI/pXTMZA33WAlgsO7gEq23CeKIqKEyV25G5BqN7FDw=",
        "owner": "neovim",
        "repo": "neovim",
        "rev": "b3dfa86e02b0ce0f3ef9bc7b90dbbd790e7da31e",
        "type": "github"
      },
      "original": {
        "owner": "neovim",
        "repo": "neovim",
        "type": "github"
      }
    },
    "nixCats": {
      "locked": {
        "lastModified": 1777273601,
        "narHash": "sha256-xBUa8Tl9V7IXI+VmLEuDc81La/EhoSn1C3EVSnJ3cfU=",
        "owner": "BirdeeHub",
        "repo": "nixCats-nvim",
        "rev": "f69ea013e328841a7def7037ed59788a76be8816",
        "type": "github"
      },
      "original": {
        "owner": "BirdeeHub",
        "repo": "nixCats-nvim",
        "type": "github"
      }
    },
    "nixpkgs": {
      "locked": {
        "lastModified": 1779694939,
        "narHash": "sha256-Ly4j75O8ICaSQx3uxPnwk2x7PMF0XQvn5r0c3yBA7FI=",
        "owner": "NixOS",
        "repo": "nixpkgs",
        "rev": "f9d8b65950353691ab56561e7c73d2e1063d810b",
        "type": "github"
      },
      "original": {
        "owner": "NixOS",
        "ref": "nixpkgs-unstable",
        "repo": "nixpkgs",
        "type": "github"
      }
    },
    "nixpkgs_2": {
      "locked": {
        "lastModified": 1779786838,
        "narHash": "sha256-0geHoGiR5f8qiXg+gO4rSF6Up6Var+kKqiOv9AO/uUc=",
        "owner": "nixos",
        "repo": "nixpkgs",
        "rev": "f44f7788c891fbe5542177df78374f8cdab10e8f",
        "type": "github"
      },
      "original": {
        "owner": "nixos",
        "ref": "nixpkgs-unstable",
        "repo": "nixpkgs",
        "type": "github"
      }
    },
    "plugins-comfy-line-numbers": {
      "flake": false,
      "locked": {
        "lastModified": 1769449682,
        "narHash": "sha256-yrwpVy9qiDqiMxy07hvdgx01BrQbkPy5e3OgAjuOw/k=",
        "owner": "mluders",
        "repo": "comfy-line-numbers.nvim",
        "rev": "9adedbaf1f410cdaacf4fb2ca8eb44f3d5f6d010",
        "type": "github"
      },
      "original": {
        "owner": "mluders",
        "repo": "comfy-line-numbers.nvim",
        "type": "github"
      }
    },
    "plugins-dev-container": {
      "flake": false,
      "locked": {
        "lastModified": 1778573635,
        "narHash": "sha256-O9smm0n3ha1MzRHUrVOmsAcOjqoM+CyLF/BKsjFoY54=",
        "owner": "esensar",
        "repo": "nvim-dev-container",
        "rev": "365b4c815339d42133829006dce3e5f8b182b771",
        "type": "github"
      },
      "original": {
        "owner": "esensar",
        "repo": "nvim-dev-container",
        "type": "github"
      }
    },
    "plugins-ecolog": {
      "flake": false,
      "locked": {
        "lastModified": 1770022743,
        "narHash": "sha256-xUVSkygICCpA3bBqitPblRn7wRQ6fffxJQ4ej5C1ICM=",
        "owner": "philosofonusus",
        "repo": "ecolog.nvim",
        "rev": "558ddee4d7151af6a37cd40c517243b63ba493ce",
        "type": "github"
      },
      "original": {
        "owner": "philosofonusus",
        "repo": "ecolog.nvim",
        "type": "github"
      }
    },
    "plugins-obsidian": {
      "flake": false,
      "locked": {
        "lastModified": 1779659712,
        "narHash": "sha256-GhbSZ+MfXOL3a4Pd8gywvY3ZxEodD7EE6QRJ+3aff6Q=",
        "owner": "obsidian-nvim",
        "repo": "obsidian.nvim",
        "rev": "8820505daa28eff1391019e4590d9c4e5fb1d908",
        "type": "github"
      },
      "original": {
        "owner": "obsidian-nvim",
        "repo": "obsidian.nvim",
        "type": "github"
      }
    },
    "root": {
      "inputs": {
        "neovim-nightly-overlay": "neovim-nightly-overlay",
        "nixCats": "nixCats",
        "nixpkgs": "nixpkgs_2",
        "plugins-comfy-line-numbers": "plugins-comfy-line-numbers",
        "plugins-dev-container": "plugins-dev-container",
        "plugins-ecolog": "plugins-ecolog",
        "plugins-obsidian": "plugins-obsidian"
      }
    }
  },
  "root": "root",
  "version": 7
}
